// !$*UTF8*$!
{
	archiveVersion = 1;
	classes = {
	};
	objectVersion = 60;
	objects = {

/* Begin PBXBuildFile section */
		3C12DDF22BAF3C780094E743 /* BookmarksView.swift in Sources */ = {isa = PBXBuildFile; fileRef = 3C12DDF12BAF3C780094E743 /* BookmarksView.swift */; };
		3C12DDF42BAF42750094E743 /* ErrorScreen.swift in Sources */ = {isa = PBXBuildFile; fileRef = 3C12DDF32BAF42750094E743 /* ErrorScreen.swift */; };
		3C354B942BA76539005EB350 /* MainView.swift in Sources */ = {isa = PBXBuildFile; fileRef = 3C354B932BA76539005EB350 /* MainView.swift */; };
		3C354B962BA766BD005EB350 /* MainViewModel.swift in Sources */ = {isa = PBXBuildFile; fileRef = 3C354B952BA766BD005EB350 /* MainViewModel.swift */; };
		3C354B982BA782E5005EB350 /* DetailView.swift in Sources */ = {isa = PBXBuildFile; fileRef = 3C354B972BA782E5005EB350 /* DetailView.swift */; };
		3C354B9B2BA78B0C005EB350 /* SearchBar.swift in Sources */ = {isa = PBXBuildFile; fileRef = 3C354B9A2BA78B0C005EB350 /* SearchBar.swift */; };
		3C354B9D2BA78BE1005EB350 /* HorizontalSelector.swift in Sources */ = {isa = PBXBuildFile; fileRef = 3C354B9C2BA78BE1005EB350 /* HorizontalSelector.swift */; };
		3C354BA12BA792AB005EB350 /* VerticalRecommendedSection.swift in Sources */ = {isa = PBXBuildFile; fileRef = 3C354BA02BA792AB005EB350 /* VerticalRecommendedSection.swift */; };
		3C354BA32BA792CD005EB350 /* SectionTitle.swift in Sources */ = {isa = PBXBuildFile; fileRef = 3C354BA22BA792CD005EB350 /* SectionTitle.swift */; };
		3C79D46D2BB5DB9D0096A85F /* OnboardingPage.swift in Sources */ = {isa = PBXBuildFile; fileRef = 3C79D46C2BB5DB9D0096A85F /* OnboardingPage.swift */; };
		3C99FD142BAB71250015C13B /* CategoriesView.swift in Sources */ = {isa = PBXBuildFile; fileRef = 3C99FD132BAB71250015C13B /* CategoriesView.swift */; };
		3CD0E8092BAA07F300246E23 /* OnboardingView.swift in Sources */ = {isa = PBXBuildFile; fileRef = 3CD0E8082BAA07F300246E23 /* OnboardingView.swift */; };
		3CD0E80B2BAA085800246E23 /* Launch Screen.storyboard in Resources */ = {isa = PBXBuildFile; fileRef = 3CD0E80A2BAA085800246E23 /* Launch Screen.storyboard */; };
		3CEB33DF2BAEC9F200E9D73C /* ScreenHeader.swift in Sources */ = {isa = PBXBuildFile; fileRef = 3CEB33DE2BAEC9F200E9D73C /* ScreenHeader.swift */; };
		3CEEDB8A2BAEE0E700A4D632 /* Shimmering.swift in Sources */ = {isa = PBXBuildFile; fileRef = 3CEEDB892BAEE0E600A4D632 /* Shimmering.swift */; };
		3CEEDB8C2BAEE58A00A4D632 /* MainScreenWithShimmer.swift in Sources */ = {isa = PBXBuildFile; fileRef = 3CEEDB8B2BAEE58A00A4D632 /* MainScreenWithShimmer.swift */; };
		3CEEDB8E2BAF068600A4D632 /* RecommendedCell.swift in Sources */ = {isa = PBXBuildFile; fileRef = 3CEEDB8D2BAF068600A4D632 /* RecommendedCell.swift */; };
		865DE2B02BB894A80023DD71 /* HorizontalNewsCollection.swift in Sources */ = {isa = PBXBuildFile; fileRef = 865DE2AF2BB894A80023DD71 /* HorizontalNewsCollection.swift */; };
		865DE2B22BB894FE0023DD71 /* VerticalNewsCollection.swift in Sources */ = {isa = PBXBuildFile; fileRef = 865DE2B12BB894FE0023DD71 /* VerticalNewsCollection.swift */; };
		865DE2B52BB8A3B50023DD71 /* MainDomainReducer.swift in Sources */ = {isa = PBXBuildFile; fileRef = 865DE2B42BB8A3B50023DD71 /* MainDomainReducer.swift */; };
		86BCEC2C2BAF4CDC00AB3CB0 /* CategoryCell.swift in Sources */ = {isa = PBXBuildFile; fileRef = 86BCEC2B2BAF4CDC00AB3CB0 /* CategoryCell.swift */; };
		B90BD5D02BA8E470007E8CE9 /* Localizable.strings in Resources */ = {isa = PBXBuildFile; fileRef = B90BD5D22BA8E470007E8CE9 /* Localizable.strings */; };
		B9E158882BA9CC61000AA390 /* CustomTabBarView.swift in Sources */ = {isa = PBXBuildFile; fileRef = B9E158862BA9CC61000AA390 /* CustomTabBarView.swift */; };
		B9E158892BA9CC61000AA390 /* CustomTabBar.swift in Sources */ = {isa = PBXBuildFile; fileRef = B9E158872BA9CC61000AA390 /* CustomTabBar.swift */; };
		E11FACD22BAA0437005B06E2 /* Constants.swift in Sources */ = {isa = PBXBuildFile; fileRef = E11FACD12BAA0437005B06E2 /* Constants.swift */; };
		E11FACD42BAA377D005B06E2 /* ArticleCell.swift in Sources */ = {isa = PBXBuildFile; fileRef = E11FACD32BAA377D005B06E2 /* ArticleCell.swift */; };
		E11FACD62BAA378C005B06E2 /* MainContent.swift in Sources */ = {isa = PBXBuildFile; fileRef = E11FACD52BAA378C005B06E2 /* MainContent.swift */; };
		E1235A612BC33AAD0000ECD9 /* CoordinatorView.swift in Sources */ = {isa = PBXBuildFile; fileRef = E1235A602BC33AAD0000ECD9 /* CoordinatorView.swift */; };
		E13C6BEB2BAE20F1007FCE74 /* LocalizationManager.swift in Sources */ = {isa = PBXBuildFile; fileRef = E13C6BEA2BAE20F1007FCE74 /* LocalizationManager.swift */; };
		E13C6BF42BAE2271007FCE74 /* CustomButton.swift in Sources */ = {isa = PBXBuildFile; fileRef = F97BB4512BAC7CD7008327E6 /* CustomButton.swift */; };
		E16ACF562BC09E4A00A740DD /* SafariView.swift in Sources */ = {isa = PBXBuildFile; fileRef = E16ACF552BC09E4A00A740DD /* SafariView.swift */; };
		E16ACF592BC1176500A740DD /* DetailImageView.swift in Sources */ = {isa = PBXBuildFile; fileRef = E16ACF582BC1176500A740DD /* DetailImageView.swift */; };
		E16ACF5B2BC192C600A740DD /* RoundButton.swift in Sources */ = {isa = PBXBuildFile; fileRef = E16ACF5A2BC192C600A740DD /* RoundButton.swift */; };
		E173FF142BBC474C00E0BD3F /* DetailViewModel.swift in Sources */ = {isa = PBXBuildFile; fileRef = E173FF132BBC474C00E0BD3F /* DetailViewModel.swift */; };
		E173FF162BBC8FBD00E0BD3F /* CategoriesViewModel.swift in Sources */ = {isa = PBXBuildFile; fileRef = E173FF152BBC8FBD00E0BD3F /* CategoriesViewModel.swift */; };
		E182C6992BA74B3400C66D3F /* NewsToDayApp.swift in Sources */ = {isa = PBXBuildFile; fileRef = E182C6982BA74B3400C66D3F /* NewsToDayApp.swift */; };
		E182C69D2BA74B3600C66D3F /* Assets.xcassets in Resources */ = {isa = PBXBuildFile; fileRef = E182C69C2BA74B3600C66D3F /* Assets.xcassets */; };
		E182C6A02BA74B3600C66D3F /* Preview Assets.xcassets in Resources */ = {isa = PBXBuildFile; fileRef = E182C69F2BA74B3600C66D3F /* Preview Assets.xcassets */; };
		E18E8C2C2BC2FDCE00D0CD65 /* Coordinator.swift in Sources */ = {isa = PBXBuildFile; fileRef = E18E8C2B2BC2FDCE00D0CD65 /* Coordinator.swift */; };
		E18E8C2E2BC3007700D0CD65 /* StorageManager.swift in Sources */ = {isa = PBXBuildFile; fileRef = E18E8C2D2BC3007700D0CD65 /* StorageManager.swift */; };
		E18E8C332BC32F7D00D0CD65 /* OnboardingViewModel.swift in Sources */ = {isa = PBXBuildFile; fileRef = E18E8C322BC32F7D00D0CD65 /* OnboardingViewModel.swift */; };
		E1B1962F2BC5E16000B5F6BB /* BookmarksManager.swift in Sources */ = {isa = PBXBuildFile; fileRef = E1B1962E2BC5E16000B5F6BB /* BookmarksManager.swift */; };
		E1B196342BC5E7E900B5F6BB /* BackBarButton.swift in Sources */ = {isa = PBXBuildFile; fileRef = E1B196332BC5E7E900B5F6BB /* BackBarButton.swift */; };
		E1B196362BC6FA6900B5F6BB /* ToolbarView.swift in Sources */ = {isa = PBXBuildFile; fileRef = E1B196352BC6FA6900B5F6BB /* ToolbarView.swift */; };
		E1B196392BC7C5EC00B5F6BB /* NewsCoreData.xcdatamodeld in Sources */ = {isa = PBXBuildFile; fileRef = E1B196372BC7C5EC00B5F6BB /* NewsCoreData.xcdatamodeld */; };
		E1CAEA312BB04C7B0031E3CE /* ImagePicker.swift in Sources */ = {isa = PBXBuildFile; fileRef = E1CAEA302BB04C7B0031E3CE /* ImagePicker.swift */; };
		E1CAEA3C2BB1D6A10031E3CE /* RegistrationView.swift in Sources */ = {isa = PBXBuildFile; fileRef = E1CAEA392BB1D6A10031E3CE /* RegistrationView.swift */; };
		E1CAEA3D2BB1D6A10031E3CE /* AuthViewModel.swift in Sources */ = {isa = PBXBuildFile; fileRef = E1CAEA3A2BB1D6A10031E3CE /* AuthViewModel.swift */; };
		E1CAEA3E2BB1D6A10031E3CE /* AuthView.swift in Sources */ = {isa = PBXBuildFile; fileRef = E1CAEA3B2BB1D6A10031E3CE /* AuthView.swift */; };
		E1CAEA432BB1D6AA0031E3CE /* AuthInputView.swift in Sources */ = {isa = PBXBuildFile; fileRef = E1CAEA3F2BB1D6AA0031E3CE /* AuthInputView.swift */; };
		E1CAEA442BB1D6AA0031E3CE /* IndigoButton.swift in Sources */ = {isa = PBXBuildFile; fileRef = E1CAEA402BB1D6AA0031E3CE /* IndigoButton.swift */; };
		E1CAEA452BB1D6AA0031E3CE /* AuthTitle.swift in Sources */ = {isa = PBXBuildFile; fileRef = E1CAEA412BB1D6AA0031E3CE /* AuthTitle.swift */; };
		E1CAEA462BB1D6AA0031E3CE /* AuthTextButton.swift in Sources */ = {isa = PBXBuildFile; fileRef = E1CAEA422BB1D6AA0031E3CE /* AuthTextButton.swift */; };
		E1CAEA482BB1D6BC0031E3CE /* UserModel.swift in Sources */ = {isa = PBXBuildFile; fileRef = E1CAEA472BB1D6BC0031E3CE /* UserModel.swift */; };
		E1CAEA4B2BB1D8800031E3CE /* FirebaseAuth in Frameworks */ = {isa = PBXBuildFile; productRef = E1CAEA4A2BB1D8800031E3CE /* FirebaseAuth */; };
		E1CAEA4D2BB1D8800031E3CE /* FirebaseFirestore in Frameworks */ = {isa = PBXBuildFile; productRef = E1CAEA4C2BB1D8800031E3CE /* FirebaseFirestore */; };
		E1D155252BACB43100D2C690 /* String + Extension.swift in Sources */ = {isa = PBXBuildFile; fileRef = E1D155242BACB43100D2C690 /* String + Extension.swift */; };
		E1DC8A2E2BC3ED6A0054F649 /* BookmarksViewModel.swift in Sources */ = {isa = PBXBuildFile; fileRef = E1DC8A2D2BC3ED6A0054F649 /* BookmarksViewModel.swift */; };
		E1ECA39B2BAC262A0072449D /* GoogleService-Info.plist in Resources */ = {isa = PBXBuildFile; fileRef = E1ECA39A2BAC262A0072449D /* GoogleService-Info.plist */; };
		EEBC681D2BB448480081C87B /* Networking in Resources */ = {isa = PBXBuildFile; fileRef = EEBC681C2BB448470081C87B /* Networking */; };
		EEBC681F2BB4484D0081C87B /* Networking in Frameworks */ = {isa = PBXBuildFile; productRef = EEBC681E2BB4484D0081C87B /* Networking */; };
		EEBC68212BB4485D0081C87B /* DS in Resources */ = {isa = PBXBuildFile; fileRef = EEBC68202BB4485D0081C87B /* DS */; };
		EEBC68232BB448630081C87B /* DS in Frameworks */ = {isa = PBXBuildFile; productRef = EEBC68222BB448630081C87B /* DS */; };
		F97BB4532BAC7CD7008327E6 /* ProfileView.swift in Sources */ = {isa = PBXBuildFile; fileRef = F97BB44A2BAC7CD7008327E6 /* ProfileView.swift */; };
		F97BB4542BAC7CD7008327E6 /* SettingsScreen.swift in Sources */ = {isa = PBXBuildFile; fileRef = F97BB44B2BAC7CD7008327E6 /* SettingsScreen.swift */; };
		F97BB4552BAC7CD7008327E6 /* TermsConditionsScreen.swift in Sources */ = {isa = PBXBuildFile; fileRef = F97BB44C2BAC7CD7008327E6 /* TermsConditionsScreen.swift */; };
		F97BB4572BAC7CD7008327E6 /* ProfileHeader.swift in Sources */ = {isa = PBXBuildFile; fileRef = F97BB44F2BAC7CD7008327E6 /* ProfileHeader.swift */; };
		F9ED4AAD2BB567F400444CAE /* AuthManagerWithFirebase.swift in Sources */ = {isa = PBXBuildFile; fileRef = F9ED4AAC2BB567F400444CAE /* AuthManagerWithFirebase.swift */; };
		F9ED4AB12BB56A2D00444CAE /* RegistrationViewModel.swift in Sources */ = {isa = PBXBuildFile; fileRef = F9ED4AB02BB56A2D00444CAE /* RegistrationViewModel.swift */; };
		F9ED4AB72BB6C81F00444CAE /* ProfileViewModel.swift in Sources */ = {isa = PBXBuildFile; fileRef = F9ED4AB62BB6C81F00444CAE /* ProfileViewModel.swift */; };
		F9ED4ABB2BB7BDFD00444CAE /* FirebaseFirestoreSwift in Frameworks */ = {isa = PBXBuildFile; productRef = F9ED4ABA2BB7BDFD00444CAE /* FirebaseFirestoreSwift */; };
		F9ED4ABD2BB829C000444CAE /* FirebaseFirestoreSwift in Frameworks */ = {isa = PBXBuildFile; productRef = F9ED4ABC2BB829C000444CAE /* FirebaseFirestoreSwift */; };
		F9ED4ABF2BB82DD500444CAE /* FirebaseFirestoreSwift in Frameworks */ = {isa = PBXBuildFile; productRef = F9ED4ABE2BB82DD500444CAE /* FirebaseFirestoreSwift */; };
		F9ED4AC12BB873FB00444CAE /* View + Extension.swift in Sources */ = {isa = PBXBuildFile; fileRef = F9ED4AC02BB873FB00444CAE /* View + Extension.swift */; };
/* End PBXBuildFile section */

/* Begin PBXFileReference section */
		3C12DDF12BAF3C780094E743 /* BookmarksView.swift */ = {isa = PBXFileReference; lastKnownFileType = sourcecode.swift; path = BookmarksView.swift; sourceTree = "<group>"; };
		3C12DDF32BAF42750094E743 /* ErrorScreen.swift */ = {isa = PBXFileReference; lastKnownFileType = sourcecode.swift; path = ErrorScreen.swift; sourceTree = "<group>"; };
		3C354B932BA76539005EB350 /* MainView.swift */ = {isa = PBXFileReference; lastKnownFileType = sourcecode.swift; path = MainView.swift; sourceTree = "<group>"; };
		3C354B952BA766BD005EB350 /* MainViewModel.swift */ = {isa = PBXFileReference; lastKnownFileType = sourcecode.swift; path = MainViewModel.swift; sourceTree = "<group>"; };
		3C354B972BA782E5005EB350 /* DetailView.swift */ = {isa = PBXFileReference; lastKnownFileType = sourcecode.swift; path = DetailView.swift; sourceTree = "<group>"; };
		3C354B9A2BA78B0C005EB350 /* SearchBar.swift */ = {isa = PBXFileReference; lastKnownFileType = sourcecode.swift; path = SearchBar.swift; sourceTree = "<group>"; };
		3C354B9C2BA78BE1005EB350 /* HorizontalSelector.swift */ = {isa = PBXFileReference; lastKnownFileType = sourcecode.swift; path = HorizontalSelector.swift; sourceTree = "<group>"; };
		3C354BA02BA792AB005EB350 /* VerticalRecommendedSection.swift */ = {isa = PBXFileReference; lastKnownFileType = sourcecode.swift; path = VerticalRecommendedSection.swift; sourceTree = "<group>"; };
		3C354BA22BA792CD005EB350 /* SectionTitle.swift */ = {isa = PBXFileReference; lastKnownFileType = sourcecode.swift; path = SectionTitle.swift; sourceTree = "<group>"; };
		3C79D4692BB5DA780096A85F /* SessionManager.swift */ = {isa = PBXFileReference; lastKnownFileType = sourcecode.swift; path = SessionManager.swift; sourceTree = "<group>"; };
		3C79D46C2BB5DB9D0096A85F /* OnboardingPage.swift */ = {isa = PBXFileReference; lastKnownFileType = sourcecode.swift; path = OnboardingPage.swift; sourceTree = "<group>"; };
		3C99FD132BAB71250015C13B /* CategoriesView.swift */ = {isa = PBXFileReference; lastKnownFileType = sourcecode.swift; path = CategoriesView.swift; sourceTree = "<group>"; };
		3CD0E8082BAA07F300246E23 /* OnboardingView.swift */ = {isa = PBXFileReference; fileEncoding = 4; lastKnownFileType = sourcecode.swift; path = OnboardingView.swift; sourceTree = "<group>"; };
		3CD0E80A2BAA085800246E23 /* Launch Screen.storyboard */ = {isa = PBXFileReference; fileEncoding = 4; lastKnownFileType = file.storyboard; path = "Launch Screen.storyboard"; sourceTree = "<group>"; };
		3CEB33DE2BAEC9F200E9D73C /* ScreenHeader.swift */ = {isa = PBXFileReference; fileEncoding = 4; lastKnownFileType = sourcecode.swift; path = ScreenHeader.swift; sourceTree = "<group>"; };
		3CEEDB892BAEE0E600A4D632 /* Shimmering.swift */ = {isa = PBXFileReference; lastKnownFileType = sourcecode.swift; path = Shimmering.swift; sourceTree = "<group>"; };
		3CEEDB8B2BAEE58A00A4D632 /* MainScreenWithShimmer.swift */ = {isa = PBXFileReference; lastKnownFileType = sourcecode.swift; path = MainScreenWithShimmer.swift; sourceTree = "<group>"; };
		3CEEDB8D2BAF068600A4D632 /* RecommendedCell.swift */ = {isa = PBXFileReference; lastKnownFileType = sourcecode.swift; path = RecommendedCell.swift; sourceTree = "<group>"; };
		865DE2AF2BB894A80023DD71 /* HorizontalNewsCollection.swift */ = {isa = PBXFileReference; lastKnownFileType = sourcecode.swift; path = HorizontalNewsCollection.swift; sourceTree = "<group>"; };
		865DE2B12BB894FE0023DD71 /* VerticalNewsCollection.swift */ = {isa = PBXFileReference; lastKnownFileType = sourcecode.swift; path = VerticalNewsCollection.swift; sourceTree = "<group>"; };
		865DE2B42BB8A3B50023DD71 /* MainDomainReducer.swift */ = {isa = PBXFileReference; lastKnownFileType = sourcecode.swift; path = MainDomainReducer.swift; sourceTree = "<group>"; };
		86BCEC2B2BAF4CDC00AB3CB0 /* CategoryCell.swift */ = {isa = PBXFileReference; lastKnownFileType = sourcecode.swift; path = CategoryCell.swift; sourceTree = "<group>"; };
		B90BD5D12BA8E470007E8CE9 /* en */ = {isa = PBXFileReference; lastKnownFileType = text.plist.strings; name = en; path = en.lproj/Localizable.strings; sourceTree = "<group>"; };
		B90BD5D32BA8E48E007E8CE9 /* ru */ = {isa = PBXFileReference; lastKnownFileType = text.plist.strings; name = ru; path = ru.lproj/Localizable.strings; sourceTree = "<group>"; };
		B9E158862BA9CC61000AA390 /* CustomTabBarView.swift */ = {isa = PBXFileReference; fileEncoding = 4; lastKnownFileType = sourcecode.swift; path = CustomTabBarView.swift; sourceTree = "<group>"; };
		B9E158872BA9CC61000AA390 /* CustomTabBar.swift */ = {isa = PBXFileReference; fileEncoding = 4; lastKnownFileType = sourcecode.swift; path = CustomTabBar.swift; sourceTree = "<group>"; };
		E11FACD12BAA0437005B06E2 /* Constants.swift */ = {isa = PBXFileReference; fileEncoding = 4; lastKnownFileType = sourcecode.swift; path = Constants.swift; sourceTree = "<group>"; };
		E11FACD32BAA377D005B06E2 /* ArticleCell.swift */ = {isa = PBXFileReference; fileEncoding = 4; lastKnownFileType = sourcecode.swift; path = ArticleCell.swift; sourceTree = "<group>"; };
		E11FACD52BAA378C005B06E2 /* MainContent.swift */ = {isa = PBXFileReference; fileEncoding = 4; lastKnownFileType = sourcecode.swift; path = MainContent.swift; sourceTree = "<group>"; };
		E1235A602BC33AAD0000ECD9 /* CoordinatorView.swift */ = {isa = PBXFileReference; lastKnownFileType = sourcecode.swift; path = CoordinatorView.swift; sourceTree = "<group>"; };
		E13C6BEA2BAE20F1007FCE74 /* LocalizationManager.swift */ = {isa = PBXFileReference; fileEncoding = 4; lastKnownFileType = sourcecode.swift; path = LocalizationManager.swift; sourceTree = "<group>"; };
		E16ACF552BC09E4A00A740DD /* SafariView.swift */ = {isa = PBXFileReference; fileEncoding = 4; lastKnownFileType = sourcecode.swift; path = SafariView.swift; sourceTree = "<group>"; };
		E16ACF582BC1176500A740DD /* DetailImageView.swift */ = {isa = PBXFileReference; lastKnownFileType = sourcecode.swift; path = DetailImageView.swift; sourceTree = "<group>"; };
		E16ACF5A2BC192C600A740DD /* RoundButton.swift */ = {isa = PBXFileReference; lastKnownFileType = sourcecode.swift; path = RoundButton.swift; sourceTree = "<group>"; };
		E173FF132BBC474C00E0BD3F /* DetailViewModel.swift */ = {isa = PBXFileReference; lastKnownFileType = sourcecode.swift; path = DetailViewModel.swift; sourceTree = "<group>"; };
		E173FF152BBC8FBD00E0BD3F /* CategoriesViewModel.swift */ = {isa = PBXFileReference; lastKnownFileType = sourcecode.swift; path = CategoriesViewModel.swift; sourceTree = "<group>"; };
		E182C6952BA74B3400C66D3F /* NewsToDay.app */ = {isa = PBXFileReference; explicitFileType = wrapper.application; includeInIndex = 0; path = NewsToDay.app; sourceTree = BUILT_PRODUCTS_DIR; };
		E182C6982BA74B3400C66D3F /* NewsToDayApp.swift */ = {isa = PBXFileReference; lastKnownFileType = sourcecode.swift; path = NewsToDayApp.swift; sourceTree = "<group>"; };
		E182C69C2BA74B3600C66D3F /* Assets.xcassets */ = {isa = PBXFileReference; lastKnownFileType = folder.assetcatalog; path = Assets.xcassets; sourceTree = "<group>"; };
		E182C69F2BA74B3600C66D3F /* Preview Assets.xcassets */ = {isa = PBXFileReference; lastKnownFileType = folder.assetcatalog; path = "Preview Assets.xcassets"; sourceTree = "<group>"; };
		E18E8C2B2BC2FDCE00D0CD65 /* Coordinator.swift */ = {isa = PBXFileReference; lastKnownFileType = sourcecode.swift; path = Coordinator.swift; sourceTree = "<group>"; };
		E18E8C2D2BC3007700D0CD65 /* StorageManager.swift */ = {isa = PBXFileReference; lastKnownFileType = sourcecode.swift; path = StorageManager.swift; sourceTree = "<group>"; };
		E18E8C322BC32F7D00D0CD65 /* OnboardingViewModel.swift */ = {isa = PBXFileReference; lastKnownFileType = sourcecode.swift; path = OnboardingViewModel.swift; sourceTree = "<group>"; };
		E1B1962E2BC5E16000B5F6BB /* BookmarksManager.swift */ = {isa = PBXFileReference; lastKnownFileType = sourcecode.swift; path = BookmarksManager.swift; sourceTree = "<group>"; };
		E1B196332BC5E7E900B5F6BB /* BackBarButton.swift */ = {isa = PBXFileReference; lastKnownFileType = sourcecode.swift; path = BackBarButton.swift; sourceTree = "<group>"; };
		E1B196352BC6FA6900B5F6BB /* ToolbarView.swift */ = {isa = PBXFileReference; lastKnownFileType = sourcecode.swift; path = ToolbarView.swift; sourceTree = "<group>"; };
		E1B196382BC7C5EC00B5F6BB /* NewsCoreData.xcdatamodel */ = {isa = PBXFileReference; lastKnownFileType = wrapper.xcdatamodel; path = NewsCoreData.xcdatamodel; sourceTree = "<group>"; };
		E1CAEA302BB04C7B0031E3CE /* ImagePicker.swift */ = {isa = PBXFileReference; lastKnownFileType = sourcecode.swift; path = ImagePicker.swift; sourceTree = "<group>"; };
		E1CAEA392BB1D6A10031E3CE /* RegistrationView.swift */ = {isa = PBXFileReference; fileEncoding = 4; lastKnownFileType = sourcecode.swift; path = RegistrationView.swift; sourceTree = "<group>"; };
		E1CAEA3A2BB1D6A10031E3CE /* AuthViewModel.swift */ = {isa = PBXFileReference; fileEncoding = 4; lastKnownFileType = sourcecode.swift; path = AuthViewModel.swift; sourceTree = "<group>"; };
		E1CAEA3B2BB1D6A10031E3CE /* AuthView.swift */ = {isa = PBXFileReference; fileEncoding = 4; lastKnownFileType = sourcecode.swift; path = AuthView.swift; sourceTree = "<group>"; };
		E1CAEA3F2BB1D6AA0031E3CE /* AuthInputView.swift */ = {isa = PBXFileReference; fileEncoding = 4; lastKnownFileType = sourcecode.swift; path = AuthInputView.swift; sourceTree = "<group>"; };
		E1CAEA402BB1D6AA0031E3CE /* IndigoButton.swift */ = {isa = PBXFileReference; fileEncoding = 4; lastKnownFileType = sourcecode.swift; path = IndigoButton.swift; sourceTree = "<group>"; };
		E1CAEA412BB1D6AA0031E3CE /* AuthTitle.swift */ = {isa = PBXFileReference; fileEncoding = 4; lastKnownFileType = sourcecode.swift; path = AuthTitle.swift; sourceTree = "<group>"; };
		E1CAEA422BB1D6AA0031E3CE /* AuthTextButton.swift */ = {isa = PBXFileReference; fileEncoding = 4; lastKnownFileType = sourcecode.swift; path = AuthTextButton.swift; sourceTree = "<group>"; };
		E1CAEA472BB1D6BC0031E3CE /* UserModel.swift */ = {isa = PBXFileReference; fileEncoding = 4; lastKnownFileType = sourcecode.swift; path = UserModel.swift; sourceTree = "<group>"; };
		E1D155242BACB43100D2C690 /* String + Extension.swift */ = {isa = PBXFileReference; lastKnownFileType = sourcecode.swift; path = "String + Extension.swift"; sourceTree = "<group>"; };
		E1DC8A2D2BC3ED6A0054F649 /* BookmarksViewModel.swift */ = {isa = PBXFileReference; lastKnownFileType = sourcecode.swift; path = BookmarksViewModel.swift; sourceTree = "<group>"; };
		E1ECA39A2BAC262A0072449D /* GoogleService-Info.plist */ = {isa = PBXFileReference; fileEncoding = 4; lastKnownFileType = text.plist.xml; path = "GoogleService-Info.plist"; sourceTree = "<group>"; };
		EEBC681C2BB448470081C87B /* Networking */ = {isa = PBXFileReference; lastKnownFileType = wrapper; path = Networking; sourceTree = "<group>"; };
		EEBC68202BB4485D0081C87B /* DS */ = {isa = PBXFileReference; lastKnownFileType = wrapper; path = DS; sourceTree = "<group>"; };
		F97BB44A2BAC7CD7008327E6 /* ProfileView.swift */ = {isa = PBXFileReference; fileEncoding = 4; lastKnownFileType = sourcecode.swift; path = ProfileView.swift; sourceTree = "<group>"; };
		F97BB44B2BAC7CD7008327E6 /* SettingsScreen.swift */ = {isa = PBXFileReference; fileEncoding = 4; lastKnownFileType = sourcecode.swift; path = SettingsScreen.swift; sourceTree = "<group>"; };
		F97BB44C2BAC7CD7008327E6 /* TermsConditionsScreen.swift */ = {isa = PBXFileReference; fileEncoding = 4; lastKnownFileType = sourcecode.swift; path = TermsConditionsScreen.swift; sourceTree = "<group>"; };
		F97BB44F2BAC7CD7008327E6 /* ProfileHeader.swift */ = {isa = PBXFileReference; fileEncoding = 4; lastKnownFileType = sourcecode.swift; path = ProfileHeader.swift; sourceTree = "<group>"; };
		F97BB4512BAC7CD7008327E6 /* CustomButton.swift */ = {isa = PBXFileReference; fileEncoding = 4; lastKnownFileType = sourcecode.swift; path = CustomButton.swift; sourceTree = "<group>"; };
		F9ED4AAC2BB567F400444CAE /* AuthManagerWithFirebase.swift */ = {isa = PBXFileReference; lastKnownFileType = sourcecode.swift; path = AuthManagerWithFirebase.swift; sourceTree = "<group>"; };
		F9ED4AB02BB56A2D00444CAE /* RegistrationViewModel.swift */ = {isa = PBXFileReference; lastKnownFileType = sourcecode.swift; path = RegistrationViewModel.swift; sourceTree = "<group>"; };
		F9ED4AB62BB6C81F00444CAE /* ProfileViewModel.swift */ = {isa = PBXFileReference; lastKnownFileType = sourcecode.swift; path = ProfileViewModel.swift; sourceTree = "<group>"; };
		F9ED4AC02BB873FB00444CAE /* View + Extension.swift */ = {isa = PBXFileReference; lastKnownFileType = sourcecode.swift; path = "View + Extension.swift"; sourceTree = "<group>"; };
/* End PBXFileReference section */

/* Begin PBXFrameworksBuildPhase section */
		E182C6922BA74B3400C66D3F /* Frameworks */ = {
			isa = PBXFrameworksBuildPhase;
			buildActionMask = 2147483647;
			files = (
				F9ED4ABB2BB7BDFD00444CAE /* FirebaseFirestoreSwift in Frameworks */,
				E1CAEA4D2BB1D8800031E3CE /* FirebaseFirestore in Frameworks */,
				EEBC68232BB448630081C87B /* DS in Frameworks */,
				F9ED4ABF2BB82DD500444CAE /* FirebaseFirestoreSwift in Frameworks */,
				EEBC681F2BB4484D0081C87B /* Networking in Frameworks */,
				E1CAEA4B2BB1D8800031E3CE /* FirebaseAuth in Frameworks */,
				F9ED4ABD2BB829C000444CAE /* FirebaseFirestoreSwift in Frameworks */,
			);
			runOnlyForDeploymentPostprocessing = 0;
		};
/* End PBXFrameworksBuildPhase section */

/* Begin PBXGroup section */
		3C12DDF02BAF3C4B0094E743 /* BookmarksScreen */ = {
			isa = PBXGroup;
			children = (
				3C12DDF12BAF3C780094E743 /* BookmarksView.swift */,
				E1DC8A2D2BC3ED6A0054F649 /* BookmarksViewModel.swift */,
			);
			path = BookmarksScreen;
			sourceTree = "<group>";
		};
		3C354B922BA7652E005EB350 /* MainScreen */ = {
			isa = PBXGroup;
			children = (
				865DE2B32BB8A3780023DD71 /* StateMachine */,
				E11FACD52BAA378C005B06E2 /* MainContent.swift */,
				3C354B932BA76539005EB350 /* MainView.swift */,
				3C354B952BA766BD005EB350 /* MainViewModel.swift */,
				3C354B992BA789F9005EB350 /* Components */,
			);
			path = MainScreen;
			sourceTree = "<group>";
		};
		3C354B992BA789F9005EB350 /* Components */ = {
			isa = PBXGroup;
			children = (
				3CEEDB8B2BAEE58A00A4D632 /* MainScreenWithShimmer.swift */,
				E11FACD32BAA377D005B06E2 /* ArticleCell.swift */,
				3CEB33DE2BAEC9F200E9D73C /* ScreenHeader.swift */,
				3C354B9A2BA78B0C005EB350 /* SearchBar.swift */,
				3C354B9C2BA78BE1005EB350 /* HorizontalSelector.swift */,
				3C354BA02BA792AB005EB350 /* VerticalRecommendedSection.swift */,
				3C354BA22BA792CD005EB350 /* SectionTitle.swift */,
				3CEEDB8D2BAF068600A4D632 /* RecommendedCell.swift */,
				3C12DDF32BAF42750094E743 /* ErrorScreen.swift */,
				86BCEC2B2BAF4CDC00AB3CB0 /* CategoryCell.swift */,
				865DE2AF2BB894A80023DD71 /* HorizontalNewsCollection.swift */,
				865DE2B12BB894FE0023DD71 /* VerticalNewsCollection.swift */,
			);
			path = Components;
			sourceTree = "<group>";
		};
		3C79D46B2BB5DB8F0096A85F /* Components */ = {
			isa = PBXGroup;
			children = (
				3C79D46C2BB5DB9D0096A85F /* OnboardingPage.swift */,
			);
			path = Components;
			sourceTree = "<group>";
		};
		3C99FD0E2BAB70CE0015C13B /* CategoriesScreen */ = {
			isa = PBXGroup;
			children = (
				3C99FD132BAB71250015C13B /* CategoriesView.swift */,
				E173FF152BBC8FBD00E0BD3F /* CategoriesViewModel.swift */,
			);
			path = CategoriesScreen;
			sourceTree = "<group>";
		};
		3CD0E8072BAA07F300246E23 /* OnboardingScreen */ = {
			isa = PBXGroup;
			children = (
				3CD0E8082BAA07F300246E23 /* OnboardingView.swift */,
				E18E8C322BC32F7D00D0CD65 /* OnboardingViewModel.swift */,
				3C79D46B2BB5DB8F0096A85F /* Components */,
			);
			path = OnboardingScreen;
			sourceTree = "<group>";
		};
		865DE2B32BB8A3780023DD71 /* StateMachine */ = {
			isa = PBXGroup;
			children = (
				865DE2B42BB8A3B50023DD71 /* MainDomainReducer.swift */,
			);
			path = StateMachine;
			sourceTree = "<group>";
		};
		86BCEC282BACCB4400AB3CB0 /* Frameworks */ = {
			isa = PBXGroup;
			children = (
			);
			name = Frameworks;
			sourceTree = "<group>";
		};
		B90BD5C92BA8B603007E8CE9 /* TabBar */ = {
			isa = PBXGroup;
			children = (
				B9E158862BA9CC61000AA390 /* CustomTabBarView.swift */,
				B9E158872BA9CC61000AA390 /* CustomTabBar.swift */,
			);
			path = TabBar;
			sourceTree = "<group>";
		};
		E103A3A82BAC4E5900ECE8B8 /* Resources */ = {
			isa = PBXGroup;
			children = (
				E182C69C2BA74B3600C66D3F /* Assets.xcassets */,
				E1ECA39A2BAC262A0072449D /* GoogleService-Info.plist */,
				3CD0E80A2BAA085800246E23 /* Launch Screen.storyboard */,
			);
			path = Resources;
			sourceTree = "<group>";
		};
		E11AF5A72BB7426E00CC9A79 /* SubViews */ = {
			isa = PBXGroup;
			children = (
				F97BB44B2BAC7CD7008327E6 /* SettingsScreen.swift */,
				F97BB44C2BAC7CD7008327E6 /* TermsConditionsScreen.swift */,
			);
			path = SubViews;
			sourceTree = "<group>";
		};
		E11AF5A82BB7541900CC9A79 /* DetailScreen */ = {
			isa = PBXGroup;
			children = (
				3C354B972BA782E5005EB350 /* DetailView.swift */,
				E173FF132BBC474C00E0BD3F /* DetailViewModel.swift */,
				E166CCAD2BC09E0C00B7A217 /* SubViews */,
				E16ACF572BC1171700A740DD /* Components */,
			);
			path = DetailScreen;
			sourceTree = "<group>";
		};
		E11FACD02BAA0437005B06E2 /* Helpers */ = {
			isa = PBXGroup;
			children = (
				F97BB4512BAC7CD7008327E6 /* CustomButton.swift */,
				E11FACD12BAA0437005B06E2 /* Constants.swift */,
				3CEEDB892BAEE0E600A4D632 /* Shimmering.swift */,
				E1CAEA302BB04C7B0031E3CE /* ImagePicker.swift */,
				E16ACF5A2BC192C600A740DD /* RoundButton.swift */,
				E1B196332BC5E7E900B5F6BB /* BackBarButton.swift */,
				E1CAEA402BB1D6AA0031E3CE /* IndigoButton.swift */,
			);
			path = Helpers;
			sourceTree = "<group>";
		};
		E13C6BE92BAE20D3007FCE74 /* Recovered References */ = {
			isa = PBXGroup;
			children = (
				3C79D4692BB5DA780096A85F /* SessionManager.swift */,
			);
			name = "Recovered References";
			sourceTree = "<group>";
		};
		E166CCAD2BC09E0C00B7A217 /* SubViews */ = {
			isa = PBXGroup;
			children = (
				E16ACF552BC09E4A00A740DD /* SafariView.swift */,
			);
			path = SubViews;
			sourceTree = "<group>";
		};
		E16ACF572BC1171700A740DD /* Components */ = {
			isa = PBXGroup;
			children = (
				E16ACF582BC1176500A740DD /* DetailImageView.swift */,
				E1B196352BC6FA6900B5F6BB /* ToolbarView.swift */,
			);
			path = Components;
			sourceTree = "<group>";
		};
		E182C68C2BA74B3400C66D3F = {
			isa = PBXGroup;
			children = (
				EEBC68202BB4485D0081C87B /* DS */,
				EEBC681C2BB448470081C87B /* Networking */,
				E182C6972BA74B3400C66D3F /* NewsToDay */,
				E182C6962BA74B3400C66D3F /* Products */,
				86BCEC282BACCB4400AB3CB0 /* Frameworks */,
				E13C6BE92BAE20D3007FCE74 /* Recovered References */,
			);
			sourceTree = "<group>";
		};
		E182C6962BA74B3400C66D3F /* Products */ = {
			isa = PBXGroup;
			children = (
				E182C6952BA74B3400C66D3F /* NewsToDay.app */,
			);
			name = Products;
			sourceTree = "<group>";
		};
		E182C6972BA74B3400C66D3F /* NewsToDay */ = {
			isa = PBXGroup;
			children = (
				E182C6982BA74B3400C66D3F /* NewsToDayApp.swift */,
				E182C6AD2BA74C9700C66D3F /* Screens */,
				E182C6B12BA74FDF00C66D3F /* Services */,
				E1D155232BACB3EA00D2C690 /* Extensions */,
				E11FACD02BAA0437005B06E2 /* Helpers */,
				E103A3A82BAC4E5900ECE8B8 /* Resources */,
				E182C69E2BA74B3600C66D3F /* Preview Content */,
				B90BD5D22BA8E470007E8CE9 /* Localizable.strings */,
			);
			path = NewsToDay;
			sourceTree = "<group>";
		};
		E182C69E2BA74B3600C66D3F /* Preview Content */ = {
			isa = PBXGroup;
			children = (
				E182C69F2BA74B3600C66D3F /* Preview Assets.xcassets */,
			);
			path = "Preview Content";
			sourceTree = "<group>";
		};
		E182C6AD2BA74C9700C66D3F /* Screens */ = {
			isa = PBXGroup;
			children = (
				B90BD5C92BA8B603007E8CE9 /* TabBar */,
				F9ED4A792BAFDDE700444CAE /* Authentication */,
				3CD0E8072BAA07F300246E23 /* OnboardingScreen */,
				3C354B922BA7652E005EB350 /* MainScreen */,
				E11AF5A82BB7541900CC9A79 /* DetailScreen */,
				3C99FD0E2BAB70CE0015C13B /* CategoriesScreen */,
				3C12DDF02BAF3C4B0094E743 /* BookmarksScreen */,
				F97BB4492BAC7CD7008327E6 /* ProfileScreen */,
			);
			path = Screens;
			sourceTree = "<group>";
		};
		E182C6B12BA74FDF00C66D3F /* Services */ = {
			isa = PBXGroup;
			children = (
				E1B1962D2BC5E11E00B5F6BB /* Bookmarks */,
				E18E8C2F2BC3032200D0CD65 /* Coordinator */,
				E13C6BEA2BAE20F1007FCE74 /* LocalizationManager.swift */,
				F9ED4AAC2BB567F400444CAE /* AuthManagerWithFirebase.swift */,
				E18E8C2D2BC3007700D0CD65 /* StorageManager.swift */,
			);
			path = Services;
			sourceTree = "<group>";
		};
		E18E8C2F2BC3032200D0CD65 /* Coordinator */ = {
			isa = PBXGroup;
			children = (
				E18E8C2B2BC2FDCE00D0CD65 /* Coordinator.swift */,
				E1235A602BC33AAD0000ECD9 /* CoordinatorView.swift */,
			);
			path = Coordinator;
			sourceTree = "<group>";
		};
		E1B1962D2BC5E11E00B5F6BB /* Bookmarks */ = {
			isa = PBXGroup;
			children = (
				E1B1962E2BC5E16000B5F6BB /* BookmarksManager.swift */,
				E1B196372BC7C5EC00B5F6BB /* NewsCoreData.xcdatamodeld */,
			);
			path = Bookmarks;
			sourceTree = "<group>";
		};
		E1CFC0082BC410CF00C67352 /* Models */ = {
			isa = PBXGroup;
			children = (
				E1CAEA472BB1D6BC0031E3CE /* UserModel.swift */,
			);
			path = Models;
			sourceTree = "<group>";
		};
		E1CFC0092BC410DD00C67352 /* AuthScreen */ = {
			isa = PBXGroup;
			children = (
				E1CAEA3B2BB1D6A10031E3CE /* AuthView.swift */,
				E1CAEA3A2BB1D6A10031E3CE /* AuthViewModel.swift */,
			);
			path = AuthScreen;
			sourceTree = "<group>";
		};
		E1D155232BACB3EA00D2C690 /* Extensions */ = {
			isa = PBXGroup;
			children = (
				E1D155242BACB43100D2C690 /* String + Extension.swift */,
				F9ED4AC02BB873FB00444CAE /* View + Extension.swift */,
			);
			path = Extensions;
			sourceTree = "<group>";
		};
		F97BB4492BAC7CD7008327E6 /* ProfileScreen */ = {
			isa = PBXGroup;
			children = (
				F97BB44A2BAC7CD7008327E6 /* ProfileView.swift */,
				F9ED4AB62BB6C81F00444CAE /* ProfileViewModel.swift */,
				E11AF5A72BB7426E00CC9A79 /* SubViews */,
				F97BB44D2BAC7CD7008327E6 /* Components */,
			);
			path = ProfileScreen;
			sourceTree = "<group>";
		};
		F97BB44D2BAC7CD7008327E6 /* Components */ = {
			isa = PBXGroup;
			children = (
				F97BB44F2BAC7CD7008327E6 /* ProfileHeader.swift */,
			);
			path = Components;
			sourceTree = "<group>";
		};
		F9ED4A742BAFDDE700444CAE /* Components */ = {
			isa = PBXGroup;
			children = (
				E1CAEA3F2BB1D6AA0031E3CE /* AuthInputView.swift */,
				E1CAEA422BB1D6AA0031E3CE /* AuthTextButton.swift */,
				E1CAEA412BB1D6AA0031E3CE /* AuthTitle.swift */,
			);
			path = Components;
			sourceTree = "<group>";
		};
		F9ED4A792BAFDDE700444CAE /* Authentication */ = {
			isa = PBXGroup;
			children = (
				E1CFC0082BC410CF00C67352 /* Models */,
				E1CFC0092BC410DD00C67352 /* AuthScreen */,
				F9ED4AB22BB6BDC400444CAE /* RegistrationScreen */,
				F9ED4A742BAFDDE700444CAE /* Components */,
			);
			path = Authentication;
			sourceTree = "<group>";
		};
		F9ED4AB22BB6BDC400444CAE /* RegistrationScreen */ = {
			isa = PBXGroup;
			children = (
				E1CAEA392BB1D6A10031E3CE /* RegistrationView.swift */,
				F9ED4AB02BB56A2D00444CAE /* RegistrationViewModel.swift */,
			);
			path = RegistrationScreen;
			sourceTree = "<group>";
		};
/* End PBXGroup section */

/* Begin PBXNativeTarget section */
		E182C6942BA74B3400C66D3F /* NewsToDay */ = {
			isa = PBXNativeTarget;
			buildConfigurationList = E182C6A32BA74B3600C66D3F /* Build configuration list for PBXNativeTarget "NewsToDay" */;
			buildPhases = (
				E182C6912BA74B3400C66D3F /* Sources */,
				E182C6922BA74B3400C66D3F /* Frameworks */,
				E182C6932BA74B3400C66D3F /* Resources */,
			);
			buildRules = (
			);
			dependencies = (
			);
			name = NewsToDay;
			packageProductDependencies = (
				E1CAEA4A2BB1D8800031E3CE /* FirebaseAuth */,
				E1CAEA4C2BB1D8800031E3CE /* FirebaseFirestore */,
				EEBC681E2BB4484D0081C87B /* Networking */,
				EEBC68222BB448630081C87B /* DS */,
				F9ED4ABA2BB7BDFD00444CAE /* FirebaseFirestoreSwift */,
				F9ED4ABC2BB829C000444CAE /* FirebaseFirestoreSwift */,
				F9ED4ABE2BB82DD500444CAE /* FirebaseFirestoreSwift */,
			);
			productName = NewsToDay;
			productReference = E182C6952BA74B3400C66D3F /* NewsToDay.app */;
			productType = "com.apple.product-type.application";
		};
/* End PBXNativeTarget section */

/* Begin PBXProject section */
		E182C68D2BA74B3400C66D3F /* Project object */ = {
			isa = PBXProject;
			attributes = {
				BuildIndependentTargetsInParallel = 1;
				LastSwiftUpdateCheck = 1520;
				LastUpgradeCheck = 1520;
				TargetAttributes = {
					E182C6942BA74B3400C66D3F = {
						CreatedOnToolsVersion = 15.2;
					};
				};
			};
			buildConfigurationList = E182C6902BA74B3400C66D3F /* Build configuration list for PBXProject "NewsToDay" */;
			compatibilityVersion = "Xcode 14.0";
			developmentRegion = en;
			hasScannedForEncodings = 0;
			knownRegions = (
				en,
				Base,
				ru,
			);
			mainGroup = E182C68C2BA74B3400C66D3F;
			packageReferences = (
				E13C6BE62BAD5CCA007FCE74 /* XCLocalSwiftPackageReference "Networking" */,
				3CEB33E22BAECF6F00E9D73C /* XCLocalSwiftPackageReference "DS" */,
				E1CAEA492BB1D8800031E3CE /* XCRemoteSwiftPackageReference "firebase-ios-sdk" */,
			);
			productRefGroup = E182C6962BA74B3400C66D3F /* Products */;
			projectDirPath = "";
			projectRoot = "";
			targets = (
				E182C6942BA74B3400C66D3F /* NewsToDay */,
			);
		};
/* End PBXProject section */

/* Begin PBXResourcesBuildPhase section */
		E182C6932BA74B3400C66D3F /* Resources */ = {
			isa = PBXResourcesBuildPhase;
			buildActionMask = 2147483647;
			files = (
				E182C6A02BA74B3600C66D3F /* Preview Assets.xcassets in Resources */,
				B90BD5D02BA8E470007E8CE9 /* Localizable.strings in Resources */,
				E1ECA39B2BAC262A0072449D /* GoogleService-Info.plist in Resources */,
				3CD0E80B2BAA085800246E23 /* Launch Screen.storyboard in Resources */,
				E182C69D2BA74B3600C66D3F /* Assets.xcassets in Resources */,
				EEBC681D2BB448480081C87B /* Networking in Resources */,
				EEBC68212BB4485D0081C87B /* DS in Resources */,
			);
			runOnlyForDeploymentPostprocessing = 0;
		};
/* End PBXResourcesBuildPhase section */

/* Begin PBXSourcesBuildPhase section */
		E182C6912BA74B3400C66D3F /* Sources */ = {
			isa = PBXSourcesBuildPhase;
			buildActionMask = 2147483647;
			files = (
				E11FACD62BAA378C005B06E2 /* MainContent.swift in Sources */,
				E1CAEA442BB1D6AA0031E3CE /* IndigoButton.swift in Sources */,
				E1D155252BACB43100D2C690 /* String + Extension.swift in Sources */,
				E16ACF592BC1176500A740DD /* DetailImageView.swift in Sources */,
				865DE2B22BB894FE0023DD71 /* VerticalNewsCollection.swift in Sources */,
				E13C6BF42BAE2271007FCE74 /* CustomButton.swift in Sources */,
				3C12DDF22BAF3C780094E743 /* BookmarksView.swift in Sources */,
				3C354BA32BA792CD005EB350 /* SectionTitle.swift in Sources */,
				3C354BA12BA792AB005EB350 /* VerticalRecommendedSection.swift in Sources */,
				3C354B942BA76539005EB350 /* MainView.swift in Sources */,
				B9E158892BA9CC61000AA390 /* CustomTabBar.swift in Sources */,
				3CEEDB8C2BAEE58A00A4D632 /* MainScreenWithShimmer.swift in Sources */,
				3CEB33DF2BAEC9F200E9D73C /* ScreenHeader.swift in Sources */,
				E182C6992BA74B3400C66D3F /* NewsToDayApp.swift in Sources */,
				3C99FD142BAB71250015C13B /* CategoriesView.swift in Sources */,
				E1B196342BC5E7E900B5F6BB /* BackBarButton.swift in Sources */,
				3CEEDB8A2BAEE0E700A4D632 /* Shimmering.swift in Sources */,
				E1CAEA452BB1D6AA0031E3CE /* AuthTitle.swift in Sources */,
				E1CAEA312BB04C7B0031E3CE /* ImagePicker.swift in Sources */,
				E1CAEA3C2BB1D6A10031E3CE /* RegistrationView.swift in Sources */,
				F9ED4AB72BB6C81F00444CAE /* ProfileViewModel.swift in Sources */,
				E18E8C332BC32F7D00D0CD65 /* OnboardingViewModel.swift in Sources */,
				E11FACD42BAA377D005B06E2 /* ArticleCell.swift in Sources */,
				E18E8C2E2BC3007700D0CD65 /* StorageManager.swift in Sources */,
				3C354B962BA766BD005EB350 /* MainViewModel.swift in Sources */,
				3CEEDB8E2BAF068600A4D632 /* RecommendedCell.swift in Sources */,
				E1B196362BC6FA6900B5F6BB /* ToolbarView.swift in Sources */,
				E13C6BEB2BAE20F1007FCE74 /* LocalizationManager.swift in Sources */,
				865DE2B52BB8A3B50023DD71 /* MainDomainReducer.swift in Sources */,
				E1CAEA482BB1D6BC0031E3CE /* UserModel.swift in Sources */,
				3C354B9B2BA78B0C005EB350 /* SearchBar.swift in Sources */,
				E16ACF562BC09E4A00A740DD /* SafariView.swift in Sources */,
				3C12DDF42BAF42750094E743 /* ErrorScreen.swift in Sources */,
				E18E8C2C2BC2FDCE00D0CD65 /* Coordinator.swift in Sources */,
				3C354B9D2BA78BE1005EB350 /* HorizontalSelector.swift in Sources */,
				B9E158882BA9CC61000AA390 /* CustomTabBarView.swift in Sources */,
				E16ACF5B2BC192C600A740DD /* RoundButton.swift in Sources */,
				E1B196392BC7C5EC00B5F6BB /* NewsCoreData.xcdatamodeld in Sources */,
				F9ED4AAD2BB567F400444CAE /* AuthManagerWithFirebase.swift in Sources */,
				3CD0E8092BAA07F300246E23 /* OnboardingView.swift in Sources */,
				F9ED4AB12BB56A2D00444CAE /* RegistrationViewModel.swift in Sources */,
				F97BB4552BAC7CD7008327E6 /* TermsConditionsScreen.swift in Sources */,
				F97BB4542BAC7CD7008327E6 /* SettingsScreen.swift in Sources */,
				E1DC8A2E2BC3ED6A0054F649 /* BookmarksViewModel.swift in Sources */,
				E1CAEA432BB1D6AA0031E3CE /* AuthInputView.swift in Sources */,
				E1235A612BC33AAD0000ECD9 /* CoordinatorView.swift in Sources */,
				E1CAEA462BB1D6AA0031E3CE /* AuthTextButton.swift in Sources */,
				3C79D46D2BB5DB9D0096A85F /* OnboardingPage.swift in Sources */,
				E1CAEA3E2BB1D6A10031E3CE /* AuthView.swift in Sources */,
				865DE2B02BB894A80023DD71 /* HorizontalNewsCollection.swift in Sources */,
				E173FF142BBC474C00E0BD3F /* DetailViewModel.swift in Sources */,
				E1B1962F2BC5E16000B5F6BB /* BookmarksManager.swift in Sources */,
				3C354B982BA782E5005EB350 /* DetailView.swift in Sources */,
				F97BB4532BAC7CD7008327E6 /* ProfileView.swift in Sources */,
				E173FF162BBC8FBD00E0BD3F /* CategoriesViewModel.swift in Sources */,
				E1CAEA3D2BB1D6A10031E3CE /* AuthViewModel.swift in Sources */,
				E11FACD22BAA0437005B06E2 /* Constants.swift in Sources */,
				F97BB4572BAC7CD7008327E6 /* ProfileHeader.swift in Sources */,
				F9ED4AC12BB873FB00444CAE /* View + Extension.swift in Sources */,
				86BCEC2C2BAF4CDC00AB3CB0 /* CategoryCell.swift in Sources */,
			);
			runOnlyForDeploymentPostprocessing = 0;
		};
/* End PBXSourcesBuildPhase section */

/* Begin PBXVariantGroup section */
		B90BD5D22BA8E470007E8CE9 /* Localizable.strings */ = {
			isa = PBXVariantGroup;
			children = (
				B90BD5D12BA8E470007E8CE9 /* en */,
				B90BD5D32BA8E48E007E8CE9 /* ru */,
			);
			name = Localizable.strings;
			sourceTree = "<group>";
		};
/* End PBXVariantGroup section */

/* Begin XCBuildConfiguration section */
		E182C6A12BA74B3600C66D3F /* Debug */ = {
			isa = XCBuildConfiguration;
			buildSettings = {
				ALWAYS_SEARCH_USER_PATHS = NO;
				ASSETCATALOG_COMPILER_GENERATE_SWIFT_ASSET_SYMBOL_EXTENSIONS = YES;
				CLANG_ANALYZER_LOCALIZABILITY_NONLOCALIZED = YES;
				CLANG_ANALYZER_NONNULL = YES;
				CLANG_ANALYZER_NUMBER_OBJECT_CONVERSION = YES_AGGRESSIVE;
				CLANG_CXX_LANGUAGE_STANDARD = "gnu++20";
				CLANG_ENABLE_MODULES = YES;
				CLANG_ENABLE_OBJC_ARC = YES;
				CLANG_ENABLE_OBJC_WEAK = YES;
				CLANG_WARN_BLOCK_CAPTURE_AUTORELEASING = YES;
				CLANG_WARN_BOOL_CONVERSION = YES;
				CLANG_WARN_COMMA = YES;
				CLANG_WARN_CONSTANT_CONVERSION = YES;
				CLANG_WARN_DEPRECATED_OBJC_IMPLEMENTATIONS = YES;
				CLANG_WARN_DIRECT_OBJC_ISA_USAGE = YES_ERROR;
				CLANG_WARN_DOCUMENTATION_COMMENTS = YES;
				CLANG_WARN_EMPTY_BODY = YES;
				CLANG_WARN_ENUM_CONVERSION = YES;
				CLANG_WARN_INFINITE_RECURSION = YES;
				CLANG_WARN_INT_CONVERSION = YES;
				CLANG_WARN_NON_LITERAL_NULL_CONVERSION = YES;
				CLANG_WARN_OBJC_IMPLICIT_RETAIN_SELF = YES;
				CLANG_WARN_OBJC_LITERAL_CONVERSION = YES;
				CLANG_WARN_OBJC_ROOT_CLASS = YES_ERROR;
				CLANG_WARN_QUOTED_INCLUDE_IN_FRAMEWORK_HEADER = YES;
				CLANG_WARN_RANGE_LOOP_ANALYSIS = YES;
				CLANG_WARN_STRICT_PROTOTYPES = YES;
				CLANG_WARN_SUSPICIOUS_MOVE = YES;
				CLANG_WARN_UNGUARDED_AVAILABILITY = YES_AGGRESSIVE;
				CLANG_WARN_UNREACHABLE_CODE = YES;
				CLANG_WARN__DUPLICATE_METHOD_MATCH = YES;
				COPY_PHASE_STRIP = NO;
				DEBUG_INFORMATION_FORMAT = dwarf;
				ENABLE_STRICT_OBJC_MSGSEND = YES;
				ENABLE_TESTABILITY = YES;
				ENABLE_USER_SCRIPT_SANDBOXING = YES;
				GCC_C_LANGUAGE_STANDARD = gnu17;
				GCC_DYNAMIC_NO_PIC = NO;
				GCC_NO_COMMON_BLOCKS = YES;
				GCC_OPTIMIZATION_LEVEL = 0;
				GCC_PREPROCESSOR_DEFINITIONS = (
					"DEBUG=1",
					"$(inherited)",
				);
				GCC_WARN_64_TO_32_BIT_CONVERSION = YES;
				GCC_WARN_ABOUT_RETURN_TYPE = YES_ERROR;
				GCC_WARN_UNDECLARED_SELECTOR = YES;
				GCC_WARN_UNINITIALIZED_AUTOS = YES_AGGRESSIVE;
				GCC_WARN_UNUSED_FUNCTION = YES;
				GCC_WARN_UNUSED_VARIABLE = YES;
				IPHONEOS_DEPLOYMENT_TARGET = 15.0;
				LOCALIZATION_PREFERS_STRING_CATALOGS = YES;
				MTL_ENABLE_DEBUG_INFO = INCLUDE_SOURCE;
				MTL_FAST_MATH = YES;
				ONLY_ACTIVE_ARCH = YES;
				SDKROOT = iphoneos;
				SWIFT_ACTIVE_COMPILATION_CONDITIONS = "DEBUG $(inherited)";
				SWIFT_OPTIMIZATION_LEVEL = "-Onone";
			};
			name = Debug;
		};
		E182C6A22BA74B3600C66D3F /* Release */ = {
			isa = XCBuildConfiguration;
			buildSettings = {
				ALWAYS_SEARCH_USER_PATHS = NO;
				ASSETCATALOG_COMPILER_GENERATE_SWIFT_ASSET_SYMBOL_EXTENSIONS = YES;
				CLANG_ANALYZER_LOCALIZABILITY_NONLOCALIZED = YES;
				CLANG_ANALYZER_NONNULL = YES;
				CLANG_ANALYZER_NUMBER_OBJECT_CONVERSION = YES_AGGRESSIVE;
				CLANG_CXX_LANGUAGE_STANDARD = "gnu++20";
				CLANG_ENABLE_MODULES = YES;
				CLANG_ENABLE_OBJC_ARC = YES;
				CLANG_ENABLE_OBJC_WEAK = YES;
				CLANG_WARN_BLOCK_CAPTURE_AUTORELEASING = YES;
				CLANG_WARN_BOOL_CONVERSION = YES;
				CLANG_WARN_COMMA = YES;
				CLANG_WARN_CONSTANT_CONVERSION = YES;
				CLANG_WARN_DEPRECATED_OBJC_IMPLEMENTATIONS = YES;
				CLANG_WARN_DIRECT_OBJC_ISA_USAGE = YES_ERROR;
				CLANG_WARN_DOCUMENTATION_COMMENTS = YES;
				CLANG_WARN_EMPTY_BODY = YES;
				CLANG_WARN_ENUM_CONVERSION = YES;
				CLANG_WARN_INFINITE_RECURSION = YES;
				CLANG_WARN_INT_CONVERSION = YES;
				CLANG_WARN_NON_LITERAL_NULL_CONVERSION = YES;
				CLANG_WARN_OBJC_IMPLICIT_RETAIN_SELF = YES;
				CLANG_WARN_OBJC_LITERAL_CONVERSION = YES;
				CLANG_WARN_OBJC_ROOT_CLASS = YES_ERROR;
				CLANG_WARN_QUOTED_INCLUDE_IN_FRAMEWORK_HEADER = YES;
				CLANG_WARN_RANGE_LOOP_ANALYSIS = YES;
				CLANG_WARN_STRICT_PROTOTYPES = YES;
				CLANG_WARN_SUSPICIOUS_MOVE = YES;
				CLANG_WARN_UNGUARDED_AVAILABILITY = YES_AGGRESSIVE;
				CLANG_WARN_UNREACHABLE_CODE = YES;
				CLANG_WARN__DUPLICATE_METHOD_MATCH = YES;
				COPY_PHASE_STRIP = NO;
				DEBUG_INFORMATION_FORMAT = "dwarf-with-dsym";
				ENABLE_NS_ASSERTIONS = NO;
				ENABLE_STRICT_OBJC_MSGSEND = YES;
				ENABLE_USER_SCRIPT_SANDBOXING = YES;
				GCC_C_LANGUAGE_STANDARD = gnu17;
				GCC_NO_COMMON_BLOCKS = YES;
				GCC_WARN_64_TO_32_BIT_CONVERSION = YES;
				GCC_WARN_ABOUT_RETURN_TYPE = YES_ERROR;
				GCC_WARN_UNDECLARED_SELECTOR = YES;
				GCC_WARN_UNINITIALIZED_AUTOS = YES_AGGRESSIVE;
				GCC_WARN_UNUSED_FUNCTION = YES;
				GCC_WARN_UNUSED_VARIABLE = YES;
				IPHONEOS_DEPLOYMENT_TARGET = 15.0;
				LOCALIZATION_PREFERS_STRING_CATALOGS = YES;
				MTL_ENABLE_DEBUG_INFO = NO;
				MTL_FAST_MATH = YES;
				SDKROOT = iphoneos;
				SWIFT_COMPILATION_MODE = wholemodule;
				VALIDATE_PRODUCT = YES;
			};
			name = Release;
		};
		E182C6A42BA74B3600C66D3F /* Debug */ = {
			isa = XCBuildConfiguration;
			buildSettings = {
				ASSETCATALOG_COMPILER_APPICON_NAME = AppIcon;
				ASSETCATALOG_COMPILER_GLOBAL_ACCENT_COLOR_NAME = AccentColor;
				CODE_SIGN_STYLE = Automatic;
				CURRENT_PROJECT_VERSION = 1;
				DEVELOPMENT_ASSET_PATHS = "\"NewsToDay/Preview Content\"";
				DEVELOPMENT_TEAM = KYB528F2CP;
				ENABLE_PREVIEWS = YES;
				GENERATE_INFOPLIST_FILE = YES;
				INFOPLIST_FILE = NewsToDay/Info.plist;
				INFOPLIST_KEY_UIApplicationSceneManifest_Generation = YES;
				INFOPLIST_KEY_UIApplicationSupportsIndirectInputEvents = YES;
				INFOPLIST_KEY_UILaunchScreen_Generation = YES;
				INFOPLIST_KEY_UILaunchStoryboardName = "Launch Screen.storyboard";
				INFOPLIST_KEY_UISupportedInterfaceOrientations = UIInterfaceOrientationPortrait;
				INFOPLIST_KEY_UISupportedInterfaceOrientations_iPad = "UIInterfaceOrientationLandscapeLeft UIInterfaceOrientationLandscapeRight UIInterfaceOrientationPortrait UIInterfaceOrientationPortraitUpsideDown";
				IPHONEOS_DEPLOYMENT_TARGET = 15.0;
				LD_RUNPATH_SEARCH_PATHS = (
					"$(inherited)",
					"@executable_path/Frameworks",
				);
				MARKETING_VERSION = 1.0;
				PRODUCT_BUNDLE_IDENTIFIER = keller.NewsToDay;
				PRODUCT_NAME = "$(TARGET_NAME)";
				SUPPORTED_PLATFORMS = "iphoneos iphonesimulator";
				SUPPORTS_MACCATALYST = NO;
				SUPPORTS_MAC_DESIGNED_FOR_IPHONE_IPAD = NO;
				SUPPORTS_XR_DESIGNED_FOR_IPHONE_IPAD = NO;
				SWIFT_EMIT_LOC_STRINGS = YES;
				SWIFT_VERSION = 5.0;
				TARGETED_DEVICE_FAMILY = 1;
			};
			name = Debug;
		};
		E182C6A52BA74B3600C66D3F /* Release */ = {
			isa = XCBuildConfiguration;
			buildSettings = {
				ASSETCATALOG_COMPILER_APPICON_NAME = AppIcon;
				ASSETCATALOG_COMPILER_GLOBAL_ACCENT_COLOR_NAME = AccentColor;
				CODE_SIGN_STYLE = Automatic;
				CURRENT_PROJECT_VERSION = 1;
				DEVELOPMENT_ASSET_PATHS = "\"NewsToDay/Preview Content\"";
				DEVELOPMENT_TEAM = KYB528F2CP;
				ENABLE_PREVIEWS = YES;
				GENERATE_INFOPLIST_FILE = YES;
				INFOPLIST_FILE = NewsToDay/Info.plist;
				INFOPLIST_KEY_UIApplicationSceneManifest_Generation = YES;
				INFOPLIST_KEY_UIApplicationSupportsIndirectInputEvents = YES;
				INFOPLIST_KEY_UILaunchScreen_Generation = YES;
				INFOPLIST_KEY_UILaunchStoryboardName = "Launch Screen.storyboard";
				INFOPLIST_KEY_UISupportedInterfaceOrientations = UIInterfaceOrientationPortrait;
				INFOPLIST_KEY_UISupportedInterfaceOrientations_iPad = "UIInterfaceOrientationLandscapeLeft UIInterfaceOrientationLandscapeRight UIInterfaceOrientationPortrait UIInterfaceOrientationPortraitUpsideDown";
				IPHONEOS_DEPLOYMENT_TARGET = 15.0;
				LD_RUNPATH_SEARCH_PATHS = (
					"$(inherited)",
					"@executable_path/Frameworks",
				);
				MARKETING_VERSION = 1.0;
				PRODUCT_BUNDLE_IDENTIFIER = keller.NewsToDay;
				PRODUCT_NAME = "$(TARGET_NAME)";
				SUPPORTED_PLATFORMS = "iphoneos iphonesimulator";
				SUPPORTS_MACCATALYST = NO;
				SUPPORTS_MAC_DESIGNED_FOR_IPHONE_IPAD = NO;
				SUPPORTS_XR_DESIGNED_FOR_IPHONE_IPAD = NO;
				SWIFT_EMIT_LOC_STRINGS = YES;
				SWIFT_VERSION = 5.0;
				TARGETED_DEVICE_FAMILY = 1;
			};
			name = Release;
		};
/* End XCBuildConfiguration section */

/* Begin XCConfigurationList section */
		E182C6902BA74B3400C66D3F /* Build configuration list for PBXProject "NewsToDay" */ = {
			isa = XCConfigurationList;
			buildConfigurations = (
				E182C6A12BA74B3600C66D3F /* Debug */,
				E182C6A22BA74B3600C66D3F /* Release */,
			);
			defaultConfigurationIsVisible = 0;
			defaultConfigurationName = Release;
		};
		E182C6A32BA74B3600C66D3F /* Build configuration list for PBXNativeTarget "NewsToDay" */ = {
			isa = XCConfigurationList;
			buildConfigurations = (
				E182C6A42BA74B3600C66D3F /* Debug */,
				E182C6A52BA74B3600C66D3F /* Release */,
			);
			defaultConfigurationIsVisible = 0;
			defaultConfigurationName = Release;
		};
/* End XCConfigurationList section */

/* Begin XCLocalSwiftPackageReference section */
		3CEB33E22BAECF6F00E9D73C /* XCLocalSwiftPackageReference "DS" */ = {
			isa = XCLocalSwiftPackageReference;
			relativePath = DS;
		};
		E13C6BE62BAD5CCA007FCE74 /* XCLocalSwiftPackageReference "Networking" */ = {
			isa = XCLocalSwiftPackageReference;
			relativePath = Networking;
		};
/* End XCLocalSwiftPackageReference section */

/* Begin XCRemoteSwiftPackageReference section */
		E1CAEA492BB1D8800031E3CE /* XCRemoteSwiftPackageReference "firebase-ios-sdk" */ = {
			isa = XCRemoteSwiftPackageReference;
			repositoryURL = "https://github.com/firebase/firebase-ios-sdk.git";
			requirement = {
				kind = upToNextMajorVersion;
				minimumVersion = 10.23.0;
			};
		};
/* End XCRemoteSwiftPackageReference section */

/* Begin XCSwiftPackageProductDependency section */
		E1CAEA4A2BB1D8800031E3CE /* FirebaseAuth */ = {
			isa = XCSwiftPackageProductDependency;
			package = E1CAEA492BB1D8800031E3CE /* XCRemoteSwiftPackageReference "firebase-ios-sdk" */;
			productName = FirebaseAuth;
		};
		E1CAEA4C2BB1D8800031E3CE /* FirebaseFirestore */ = {
			isa = XCSwiftPackageProductDependency;
			package = E1CAEA492BB1D8800031E3CE /* XCRemoteSwiftPackageReference "firebase-ios-sdk" */;
			productName = FirebaseFirestore;
		};
		EEBC681E2BB4484D0081C87B /* Networking */ = {
			isa = XCSwiftPackageProductDependency;
			package = E13C6BE62BAD5CCA007FCE74 /* XCLocalSwiftPackageReference "Networking" */;
			productName = Networking;
		};
		EEBC68222BB448630081C87B /* DS */ = {
			isa = XCSwiftPackageProductDependency;
			package = 3CEB33E22BAECF6F00E9D73C /* XCLocalSwiftPackageReference "DS" */;
			productName = DS;
		};
		F9ED4ABA2BB7BDFD00444CAE /* FirebaseFirestoreSwift */ = {
			isa = XCSwiftPackageProductDependency;
			productName = FirebaseFirestoreSwift;
		};
		F9ED4ABC2BB829C000444CAE /* FirebaseFirestoreSwift */ = {
			isa = XCSwiftPackageProductDependency;
			productName = FirebaseFirestoreSwift;
		};
		F9ED4ABE2BB82DD500444CAE /* FirebaseFirestoreSwift */ = {
			isa = XCSwiftPackageProductDependency;
			productName = FirebaseFirestoreSwift;
		};
/* End XCSwiftPackageProductDependency section */

/* Begin XCVersionGroup section */
		E1B196372BC7C5EC00B5F6BB /* NewsCoreData.xcdatamodeld */ = {
			isa = XCVersionGroup;
			children = (
				E1B196382BC7C5EC00B5F6BB /* NewsCoreData.xcdatamodel */,
			);
			currentVersion = E1B196382BC7C5EC00B5F6BB /* NewsCoreData.xcdatamodel */;
			name = NewsCoreData.xcdatamodeld;
			path = /Users/kellerdm/NewsToDay/NewsToDay/Services/Bookmarks/NewsCoreData.xcdatamodeld;
			sourceTree = "<group>";
			versionGroupType = wrapper.xcdatamodel;
		};
/* End XCVersionGroup section */
	};
	rootObject = E182C68D2BA74B3400C66D3F /* Project object */;
}
